// !$*UTF8*$!
{
	archiveVersion = 1;
	classes = {
	};
	objectVersion = 46;
	objects = {

/* Begin PBXBuildFile section */
		7A136CDE1CAE70FE0032C096 /* LZFourKVOViewController.m in Sources */ = {isa = PBXBuildFile; fileRef = 7A136CDC1CAE70FE0032C096 /* LZFourKVOViewController.m */; };
		7A136CDF1CAE70FE0032C096 /* LZFourKVOViewController.xib in Resources */ = {isa = PBXBuildFile; fileRef = 7A136CDD1CAE70FE0032C096 /* LZFourKVOViewController.xib */; };
		7A58A15A1CAE1CD3008E114D /* KCShakeViewController.m in Sources */ = {isa = PBXBuildFile; fileRef = 7A58A1271CAE1CD3008E114D /* KCShakeViewController.m */; };
		7A58A15B1CAE1CD3008E114D /* LZ_showLiveViewController.m in Sources */ = {isa = PBXBuildFile; fileRef = 7A58A1291CAE1CD3008E114D /* LZ_showLiveViewController.m */; };
		7A58A15C1CAE1CD3008E114D /* LZDemoOneViewController.m in Sources */ = {isa = PBXBuildFile; fileRef = 7A58A12B1CAE1CD3008E114D /* LZDemoOneViewController.m */; };
		7A58A15D1CAE1CD3008E114D /* LZOneLabelViewController.m in Sources */ = {isa = PBXBuildFile; fileRef = 7A58A12D1CAE1CD3008E114D /* LZOneLabelViewController.m */; };
		7A58A15E1CAE1CD3008E114D /* LZuserDetailViewController.m in Sources */ = {isa = PBXBuildFile; fileRef = 7A58A12F1CAE1CD3008E114D /* LZuserDetailViewController.m */; };
		7A58A15F1CAE1CD3008E114D /* KCImageView.m in Sources */ = {isa = PBXBuildFile; fileRef = 7A58A1331CAE1CD3008E114D /* KCImageView.m */; };
		7A58A1601CAE1CD3008E114D /* LZDemoOne.storyboard in Resources */ = {isa = PBXBuildFile; fileRef = 7A58A1341CAE1CD3008E114D /* LZDemoOne.storyboard */; };
		7A58A1611CAE1CD3008E114D /* LZPicScrollView.m in Sources */ = {isa = PBXBuildFile; fileRef = 7A58A1361CAE1CD3008E114D /* LZPicScrollView.m */; };
		7A58A1621CAE1CD3008E114D /* LZuserDetailViewController.xib in Resources */ = {isa = PBXBuildFile; fileRef = 7A58A1371CAE1CD3008E114D /* LZuserDetailViewController.xib */; };
		7A58A1631CAE1CD3008E114D /* LZTabBarViewController.m in Sources */ = {isa = PBXBuildFile; fileRef = 7A58A13A1CAE1CD3008E114D /* LZTabBarViewController.m */; };
		7A58A1641CAE1CD3008E114D /* 兰亭黑_GBK.TTF in Resources */ = {isa = PBXBuildFile; fileRef = 7A58A13C1CAE1CD3008E114D /* 兰亭黑_GBK.TTF */; };
		7A58A1651CAE1CD3008E114D /* LZDemoThreeViewController.m in Sources */ = {isa = PBXBuildFile; fileRef = 7A58A1401CAE1CD3008E114D /* LZDemoThreeViewController.m */; };
		7A58A1661CAE1CD3008E114D /* LZThreeSelectViewController.m in Sources */ = {isa = PBXBuildFile; fileRef = 7A58A1421CAE1CD3008E114D /* LZThreeSelectViewController.m */; };
		7A58A1671CAE1CD3008E114D /* LZDemoThree.storyboard in Resources */ = {isa = PBXBuildFile; fileRef = 7A58A1451CAE1CD3008E114D /* LZDemoThree.storyboard */; };
		7A58A1681CAE1CD3008E114D /* LZThreeSelectViewController.xib in Resources */ = {isa = PBXBuildFile; fileRef = 7A58A1461CAE1CD3008E114D /* LZThreeSelectViewController.xib */; };
		7A58A1691CAE1CD3008E114D /* LZDemoTwoTableViewController.m in Sources */ = {isa = PBXBuildFile; fileRef = 7A58A14A1CAE1CD3008E114D /* LZDemoTwoTableViewController.m */; };
		7A58A16A1CAE1CD3008E114D /* LZSDAutoLayoutTableViewController.m in Sources */ = {isa = PBXBuildFile; fileRef = 7A58A14C1CAE1CD3008E114D /* LZSDAutoLayoutTableViewController.m */; };
		7A58A16B1CAE1CD3008E114D /* LZThreeKVCTableViewController.m in Sources */ = {isa = PBXBuildFile; fileRef = 7A58A14E1CAE1CD3008E114D /* LZThreeKVCTableViewController.m */; };
		7A58A16C1CAE1CD3008E114D /* LZTwoPersonViewController.m in Sources */ = {isa = PBXBuildFile; fileRef = 7A58A1501CAE1CD3008E114D /* LZTwoPersonViewController.m */; };
		7A58A16D1CAE1CD3008E114D /* FileThree.plist in Resources */ = {isa = PBXBuildFile; fileRef = 7A58A1521CAE1CD3008E114D /* FileThree.plist */; };
		7A58A16E1CAE1CD3008E114D /* LZTwoPerson.m in Sources */ = {isa = PBXBuildFile; fileRef = 7A58A1541CAE1CD3008E114D /* LZTwoPerson.m */; };
		7A58A16F1CAE1CD3008E114D /* LZTwoPersonViewModel.m in Sources */ = {isa = PBXBuildFile; fileRef = 7A58A1561CAE1CD3008E114D /* LZTwoPersonViewModel.m */; };
		7A58A1701CAE1CD3008E114D /* LZSDAutoLayoutTableViewCell.m in Sources */ = {isa = PBXBuildFile; fileRef = 7A58A1591CAE1CD3008E114D /* LZSDAutoLayoutTableViewCell.m */; };
		7A58A1731CAE1E21008E114D /* LZThreeModel.m in Sources */ = {isa = PBXBuildFile; fileRef = 7A58A1721CAE1E21008E114D /* LZThreeModel.m */; };
		7A58A1771CAE1FC0008E114D /* LZThreeTableViewCell.m in Sources */ = {isa = PBXBuildFile; fileRef = 7A58A1751CAE1FC0008E114D /* LZThreeTableViewCell.m */; };
		7A58A1781CAE1FC0008E114D /* LZThreeTableViewCell.xib in Resources */ = {isa = PBXBuildFile; fileRef = 7A58A1761CAE1FC0008E114D /* LZThreeTableViewCell.xib */; };
		7A5DEBF31CA610850059A534 /* main.m in Sources */ = {isa = PBXBuildFile; fileRef = 7A5DEBF21CA610850059A534 /* main.m */; };
		7A5DEBF61CA610850059A534 /* AppDelegate.m in Sources */ = {isa = PBXBuildFile; fileRef = 7A5DEBF51CA610850059A534 /* AppDelegate.m */; };
		7A5DEBF81CA610850059A534 /* Assets.xcassets in Resources */ = {isa = PBXBuildFile; fileRef = 7A5DEBF71CA610850059A534 /* Assets.xcassets */; };
		7A5DEBFB1CA610850059A534 /* LaunchScreen.storyboard in Resources */ = {isa = PBXBuildFile; fileRef = 7A5DEBF91CA610850059A534 /* LaunchScreen.storyboard */; };
		8E08643AC6B83EEBA6A275B4 /* libPods.a in Frameworks */ = {isa = PBXBuildFile; fileRef = 1C7B7D08984CF337779097CC /* libPods.a */; };
/* End PBXBuildFile section */

/* Begin PBXFileReference section */
		1C7B7D08984CF337779097CC /* libPods.a */ = {isa = PBXFileReference; explicitFileType = archive.ar; includeInIndex = 0; path = libPods.a; sourceTree = BUILT_PRODUCTS_DIR; };
		7A136CDB1CAE70FD0032C096 /* LZFourKVOViewController.h */ = {isa = PBXFileReference; fileEncoding = 4; lastKnownFileType = sourcecode.c.h; path = LZFourKVOViewController.h; sourceTree = "<group>"; };
		7A136CDC1CAE70FE0032C096 /* LZFourKVOViewController.m */ = {isa = PBXFileReference; fileEncoding = 4; lastKnownFileType = sourcecode.c.objc; path = LZFourKVOViewController.m; sourceTree = "<group>"; };
		7A136CDD1CAE70FE0032C096 /* LZFourKVOViewController.xib */ = {isa = PBXFileReference; fileEncoding = 4; lastKnownFileType = file.xib; name = LZFourKVOViewController.xib; path = ../Controllers/LZFourKVOViewController.xib; sourceTree = "<group>"; };
		7A58A1261CAE1CD3008E114D /* KCShakeViewController.h */ = {isa = PBXFileReference; fileEncoding = 4; lastKnownFileType = sourcecode.c.h; path = KCShakeViewController.h; sourceTree = "<group>"; };
		7A58A1271CAE1CD3008E114D /* KCShakeViewController.m */ = {isa = PBXFileReference; fileEncoding = 4; lastKnownFileType = sourcecode.c.objc; path = KCShakeViewController.m; sourceTree = "<group>"; };
		7A58A1281CAE1CD3008E114D /* LZ_showLiveViewController.h */ = {isa = PBXFileReference; fileEncoding = 4; lastKnownFileType = sourcecode.c.h; path = LZ_showLiveViewController.h; sourceTree = "<group>"; };
		7A58A1291CAE1CD3008E114D /* LZ_showLiveViewController.m */ = {isa = PBXFileReference; fileEncoding = 4; lastKnownFileType = sourcecode.c.objc; path = LZ_showLiveViewController.m; sourceTree = "<group>"; };
		7A58A12A1CAE1CD3008E114D /* LZDemoOneViewController.h */ = {isa = PBXFileReference; fileEncoding = 4; lastKnownFileType = sourcecode.c.h; path = LZDemoOneViewController.h; sourceTree = "<group>"; };
		7A58A12B1CAE1CD3008E114D /* LZDemoOneViewController.m */ = {isa = PBXFileReference; fileEncoding = 4; lastKnownFileType = sourcecode.c.objc; path = LZDemoOneViewController.m; sourceTree = "<group>"; };
		7A58A12C1CAE1CD3008E114D /* LZOneLabelViewController.h */ = {isa = PBXFileReference; fileEncoding = 4; lastKnownFileType = sourcecode.c.h; path = LZOneLabelViewController.h; sourceTree = "<group>"; };
		7A58A12D1CAE1CD3008E114D /* LZOneLabelViewController.m */ = {isa = PBXFileReference; fileEncoding = 4; lastKnownFileType = sourcecode.c.objc; path = LZOneLabelViewController.m; sourceTree = "<group>"; };
		7A58A12E1CAE1CD3008E114D /* LZuserDetailViewController.h */ = {isa = PBXFileReference; fileEncoding = 4; lastKnownFileType = sourcecode.c.h; path = LZuserDetailViewController.h; sourceTree = "<group>"; };
		7A58A12F1CAE1CD3008E114D /* LZuserDetailViewController.m */ = {isa = PBXFileReference; fileEncoding = 4; lastKnownFileType = sourcecode.c.objc; path = LZuserDetailViewController.m; sourceTree = "<group>"; };
		7A58A1321CAE1CD3008E114D /* KCImageView.h */ = {isa = PBXFileReference; fileEncoding = 4; lastKnownFileType = sourcecode.c.h; path = KCImageView.h; sourceTree = "<group>"; };
		7A58A1331CAE1CD3008E114D /* KCImageView.m */ = {isa = PBXFileReference; fileEncoding = 4; lastKnownFileType = sourcecode.c.objc; path = KCImageView.m; sourceTree = "<group>"; };
		7A58A1341CAE1CD3008E114D /* LZDemoOne.storyboard */ = {isa = PBXFileReference; fileEncoding = 4; lastKnownFileType = file.storyboard; path = LZDemoOne.storyboard; sourceTree = "<group>"; };
		7A58A1351CAE1CD3008E114D /* LZPicScrollView.h */ = {isa = PBXFileReference; fileEncoding = 4; lastKnownFileType = sourcecode.c.h; path = LZPicScrollView.h; sourceTree = "<group>"; };
		7A58A1361CAE1CD3008E114D /* LZPicScrollView.m */ = {isa = PBXFileReference; fileEncoding = 4; lastKnownFileType = sourcecode.c.objc; path = LZPicScrollView.m; sourceTree = "<group>"; };
		7A58A1371CAE1CD3008E114D /* LZuserDetailViewController.xib */ = {isa = PBXFileReference; fileEncoding = 4; lastKnownFileType = file.xib; path = LZuserDetailViewController.xib; sourceTree = "<group>"; };
		7A58A1391CAE1CD3008E114D /* LZTabBarViewController.h */ = {isa = PBXFileReference; fileEncoding = 4; lastKnownFileType = sourcecode.c.h; path = LZTabBarViewController.h; sourceTree = "<group>"; };
		7A58A13A1CAE1CD3008E114D /* LZTabBarViewController.m */ = {isa = PBXFileReference; fileEncoding = 4; lastKnownFileType = sourcecode.c.objc; path = LZTabBarViewController.m; sourceTree = "<group>"; };
		7A58A13B1CAE1CD3008E114D /* PrefixHeader.pch */ = {isa = PBXFileReference; fileEncoding = 4; lastKnownFileType = sourcecode.c.h; path = PrefixHeader.pch; sourceTree = "<group>"; };
		7A58A13C1CAE1CD3008E114D /* 兰亭黑_GBK.TTF */ = {isa = PBXFileReference; lastKnownFileType = file; path = "兰亭黑_GBK.TTF"; sourceTree = "<group>"; };
		7A58A13F1CAE1CD3008E114D /* LZDemoThreeViewController.h */ = {isa = PBXFileReference; fileEncoding = 4; lastKnownFileType = sourcecode.c.h; path = LZDemoThreeViewController.h; sourceTree = "<group>"; };
		7A58A1401CAE1CD3008E114D /* LZDemoThreeViewController.m */ = {isa = PBXFileReference; fileEncoding = 4; lastKnownFileType = sourcecode.c.objc; path = LZDemoThreeViewController.m; sourceTree = "<group>"; };
		7A58A1411CAE1CD3008E114D /* LZThreeSelectViewController.h */ = {isa = PBXFileReference; fileEncoding = 4; lastKnownFileType = sourcecode.c.h; path = LZThreeSelectViewController.h; sourceTree = "<group>"; };
		7A58A1421CAE1CD3008E114D /* LZThreeSelectViewController.m */ = {isa = PBXFileReference; fileEncoding = 4; lastKnownFileType = sourcecode.c.objc; path = LZThreeSelectViewController.m; sourceTree = "<group>"; };
		7A58A1451CAE1CD3008E114D /* LZDemoThree.storyboard */ = {isa = PBXFileReference; fileEncoding = 4; lastKnownFileType = file.storyboard; path = LZDemoThree.storyboard; sourceTree = "<group>"; };
		7A58A1461CAE1CD3008E114D /* LZThreeSelectViewController.xib */ = {isa = PBXFileReference; fileEncoding = 4; lastKnownFileType = file.xib; path = LZThreeSelectViewController.xib; sourceTree = "<group>"; };
		7A58A1491CAE1CD3008E114D /* LZDemoTwoTableViewController.h */ = {isa = PBXFileReference; fileEncoding = 4; lastKnownFileType = sourcecode.c.h; path = LZDemoTwoTableViewController.h; sourceTree = "<group>"; };
		7A58A14A1CAE1CD3008E114D /* LZDemoTwoTableViewController.m */ = {isa = PBXFileReference; fileEncoding = 4; lastKnownFileType = sourcecode.c.objc; path = LZDemoTwoTableViewController.m; sourceTree = "<group>"; };
		7A58A14B1CAE1CD3008E114D /* LZSDAutoLayoutTableViewController.h */ = {isa = PBXFileReference; fileEncoding = 4; lastKnownFileType = sourcecode.c.h; path = LZSDAutoLayoutTableViewController.h; sourceTree = "<group>"; };
		7A58A14C1CAE1CD3008E114D /* LZSDAutoLayoutTableViewController.m */ = {isa = PBXFileReference; fileEncoding = 4; lastKnownFileType = sourcecode.c.objc; path = LZSDAutoLayoutTableViewController.m; sourceTree = "<group>"; };
		7A58A14D1CAE1CD3008E114D /* LZThreeKVCTableViewController.h */ = {isa = PBXFileReference; fileEncoding = 4; lastKnownFileType = sourcecode.c.h; path = LZThreeKVCTableViewController.h; sourceTree = "<group>"; };
		7A58A14E1CAE1CD3008E114D /* LZThreeKVCTableViewController.m */ = {isa = PBXFileReference; fileEncoding = 4; lastKnownFileType = sourcecode.c.objc; path = LZThreeKVCTableViewController.m; sourceTree = "<group>"; };
		7A58A14F1CAE1CD3008E114D /* LZTwoPersonViewController.h */ = {isa = PBXFileReference; fileEncoding = 4; lastKnownFileType = sourcecode.c.h; path = LZTwoPersonViewController.h; sourceTree = "<group>"; };
		7A58A1501CAE1CD3008E114D /* LZTwoPersonViewController.m */ = {isa = PBXFileReference; fileEncoding = 4; lastKnownFileType = sourcecode.c.objc; path = LZTwoPersonViewController.m; sourceTree = "<group>"; };
		7A58A1521CAE1CD3008E114D /* FileThree.plist */ = {isa = PBXFileReference; fileEncoding = 4; lastKnownFileType = text.plist; path = FileThree.plist; sourceTree = "<group>"; };
		7A58A1531CAE1CD3008E114D /* LZTwoPerson.h */ = {isa = PBXFileReference; fileEncoding = 4; lastKnownFileType = sourcecode.c.h; path = LZTwoPerson.h; sourceTree = "<group>"; };
		7A58A1541CAE1CD3008E114D /* LZTwoPerson.m */ = {isa = PBXFileReference; fileEncoding = 4; lastKnownFileType = sourcecode.c.objc; path = LZTwoPerson.m; sourceTree = "<group>"; };
		7A58A1551CAE1CD3008E114D /* LZTwoPersonViewModel.h */ = {isa = PBXFileReference; fileEncoding = 4; lastKnownFileType = sourcecode.c.h; path = LZTwoPersonViewModel.h; sourceTree = "<group>"; };
		7A58A1561CAE1CD3008E114D /* LZTwoPersonViewModel.m */ = {isa = PBXFileReference; fileEncoding = 4; lastKnownFileType = sourcecode.c.objc; path = LZTwoPersonViewModel.m; sourceTree = "<group>"; };
		7A58A1581CAE1CD3008E114D /* LZSDAutoLayoutTableViewCell.h */ = {isa = PBXFileReference; fileEncoding = 4; lastKnownFileType = sourcecode.c.h; path = LZSDAutoLayoutTableViewCell.h; sourceTree = "<group>"; };
		7A58A1591CAE1CD3008E114D /* LZSDAutoLayoutTableViewCell.m */ = {isa = PBXFileReference; fileEncoding = 4; lastKnownFileType = sourcecode.c.objc; path = LZSDAutoLayoutTableViewCell.m; sourceTree = "<group>"; };
		7A58A1711CAE1E21008E114D /* LZThreeModel.h */ = {isa = PBXFileReference; fileEncoding = 4; lastKnownFileType = sourcecode.c.h; path = LZThreeModel.h; sourceTree = "<group>"; };
		7A58A1721CAE1E21008E114D /* LZThreeModel.m */ = {isa = PBXFileReference; fileEncoding = 4; lastKnownFileType = sourcecode.c.objc; path = LZThreeModel.m; sourceTree = "<group>"; };
		7A58A1741CAE1FC0008E114D /* LZThreeTableViewCell.h */ = {isa = PBXFileReference; fileEncoding = 4; lastKnownFileType = sourcecode.c.h; path = LZThreeTableViewCell.h; sourceTree = "<group>"; };
		7A58A1751CAE1FC0008E114D /* LZThreeTableViewCell.m */ = {isa = PBXFileReference; fileEncoding = 4; lastKnownFileType = sourcecode.c.objc; path = LZThreeTableViewCell.m; sourceTree = "<group>"; };
		7A58A1761CAE1FC0008E114D /* LZThreeTableViewCell.xib */ = {isa = PBXFileReference; fileEncoding = 4; lastKnownFileType = file.xib; path = LZThreeTableViewCell.xib; sourceTree = "<group>"; };
		7A5DEBEE1CA610850059A534 /* SomeDemo.app */ = {isa = PBXFileReference; explicitFileType = wrapper.application; includeInIndex = 0; path = SomeDemo.app; sourceTree = BUILT_PRODUCTS_DIR; };
		7A5DEBF21CA610850059A534 /* main.m */ = {isa = PBXFileReference; lastKnownFileType = sourcecode.c.objc; path = main.m; sourceTree = "<group>"; };
		7A5DEBF41CA610850059A534 /* AppDelegate.h */ = {isa = PBXFileReference; lastKnownFileType = sourcecode.c.h; path = AppDelegate.h; sourceTree = "<group>"; };
		7A5DEBF51CA610850059A534 /* AppDelegate.m */ = {isa = PBXFileReference; lastKnownFileType = sourcecode.c.objc; path = AppDelegate.m; sourceTree = "<group>"; };
		7A5DEBF71CA610850059A534 /* Assets.xcassets */ = {isa = PBXFileReference; lastKnownFileType = folder.assetcatalog; path = Assets.xcassets; sourceTree = "<group>"; };
		7A5DEBFA1CA610850059A534 /* Base */ = {isa = PBXFileReference; lastKnownFileType = file.storyboard; name = Base; path = Base.lproj/LaunchScreen.storyboard; sourceTree = "<group>"; };
		7A5DEBFC1CA610850059A534 /* Info.plist */ = {isa = PBXFileReference; lastKnownFileType = text.plist.xml; path = Info.plist; sourceTree = "<group>"; };
		922EC249E2DC8FE3B60387E5 /* Pods.debug.xcconfig */ = {isa = PBXFileReference; includeInIndex = 1; lastKnownFileType = text.xcconfig; name = Pods.debug.xcconfig; path = "Pods/Target Support Files/Pods/Pods.debug.xcconfig"; sourceTree = "<group>"; };
		D93494B94F3A961B560CDC46 /* Pods.release.xcconfig */ = {isa = PBXFileReference; includeInIndex = 1; lastKnownFileType = text.xcconfig; name = Pods.release.xcconfig; path = "Pods/Target Support Files/Pods/Pods.release.xcconfig"; sourceTree = "<group>"; };
/* End PBXFileReference section */

/* Begin PBXFrameworksBuildPhase section */
		7A5DEBEB1CA610850059A534 /* Frameworks */ = {
			isa = PBXFrameworksBuildPhase;
			buildActionMask = 2147483647;
			files = (
				8E08643AC6B83EEBA6A275B4 /* libPods.a in Frameworks */,
			);
			runOnlyForDeploymentPostprocessing = 0;
		};
/* End PBXFrameworksBuildPhase section */

/* Begin PBXGroup section */
		573A207EA1454D6CF8BB96BD /* Pods */ = {
			isa = PBXGroup;
			children = (
				922EC249E2DC8FE3B60387E5 /* Pods.debug.xcconfig */,
				D93494B94F3A961B560CDC46 /* Pods.release.xcconfig */,
			);
			name = Pods;
			sourceTree = "<group>";
		};
		7077F1AB50EB0037A9323EEA /* Frameworks */ = {
			isa = PBXGroup;
			children = (
				1C7B7D08984CF337779097CC /* libPods.a */,
			);
			name = Frameworks;
			sourceTree = "<group>";
		};
		7A58A1231CAE1CD3008E114D /* Classes */ = {
			isa = PBXGroup;
			children = (
				7A58A1241CAE1CD3008E114D /* One */,
				7A58A1471CAE1CD3008E114D /* Two */,
				7A58A13D1CAE1CD3008E114D /* Three */,
				7A58A1381CAE1CD3008E114D /* Other */,
			);
			path = Classes;
			sourceTree = "<group>";
		};
		7A58A1241CAE1CD3008E114D /* One */ = {
			isa = PBXGroup;
			children = (
				7A58A1251CAE1CD3008E114D /* Controllers */,
				7A58A1301CAE1CD3008E114D /* Models */,
				7A58A1311CAE1CD3008E114D /* Views */,
			);
			path = One;
			sourceTree = "<group>";
		};
		7A58A1251CAE1CD3008E114D /* Controllers */ = {
			isa = PBXGroup;
			children = (
				7A58A1261CAE1CD3008E114D /* KCShakeViewController.h */,
				7A58A1271CAE1CD3008E114D /* KCShakeViewController.m */,
				7A58A1281CAE1CD3008E114D /* LZ_showLiveViewController.h */,
				7A58A1291CAE1CD3008E114D /* LZ_showLiveViewController.m */,
				7A58A12A1CAE1CD3008E114D /* LZDemoOneViewController.h */,
				7A58A12B1CAE1CD3008E114D /* LZDemoOneViewController.m */,
				7A58A12C1CAE1CD3008E114D /* LZOneLabelViewController.h */,
				7A58A12D1CAE1CD3008E114D /* LZOneLabelViewController.m */,
				7A58A12E1CAE1CD3008E114D /* LZuserDetailViewController.h */,
				7A58A12F1CAE1CD3008E114D /* LZuserDetailViewController.m */,
			);
			path = Controllers;
			sourceTree = "<group>";
		};
		7A58A1301CAE1CD3008E114D /* Models */ = {
			isa = PBXGroup;
			children = (
			);
			path = Models;
			sourceTree = "<group>";
		};
		7A58A1311CAE1CD3008E114D /* Views */ = {
			isa = PBXGroup;
			children = (
				7A58A1321CAE1CD3008E114D /* KCImageView.h */,
				7A58A1331CAE1CD3008E114D /* KCImageView.m */,
				7A58A1341CAE1CD3008E114D /* LZDemoOne.storyboard */,
				7A58A1351CAE1CD3008E114D /* LZPicScrollView.h */,
				7A58A1361CAE1CD3008E114D /* LZPicScrollView.m */,
				7A58A1371CAE1CD3008E114D /* LZuserDetailViewController.xib */,
			);
			path = Views;
			sourceTree = "<group>";
		};
		7A58A1381CAE1CD3008E114D /* Other */ = {
			isa = PBXGroup;
			children = (
				7A58A1391CAE1CD3008E114D /* LZTabBarViewController.h */,
				7A58A13A1CAE1CD3008E114D /* LZTabBarViewController.m */,
				7A58A13B1CAE1CD3008E114D /* PrefixHeader.pch */,
				7A58A13C1CAE1CD3008E114D /* 兰亭黑_GBK.TTF */,
			);
			path = Other;
			sourceTree = "<group>";
		};
		7A58A13D1CAE1CD3008E114D /* Three */ = {
			isa = PBXGroup;
			children = (
				7A58A13E1CAE1CD3008E114D /* Controllers */,
				7A58A1431CAE1CD3008E114D /* Models */,
				7A58A1441CAE1CD3008E114D /* Views */,
			);
			path = Three;
			sourceTree = "<group>";
		};
		7A58A13E1CAE1CD3008E114D /* Controllers */ = {
			isa = PBXGroup;
			children = (
				7A58A13F1CAE1CD3008E114D /* LZDemoThreeViewController.h */,
				7A58A1401CAE1CD3008E114D /* LZDemoThreeViewController.m */,
				7A58A1411CAE1CD3008E114D /* LZThreeSelectViewController.h */,
				7A58A1421CAE1CD3008E114D /* LZThreeSelectViewController.m */,
			);
			path = Controllers;
			sourceTree = "<group>";
		};
		7A58A1431CAE1CD3008E114D /* Models */ = {
			isa = PBXGroup;
			children = (
			);
			path = Models;
			sourceTree = "<group>";
		};
		7A58A1441CAE1CD3008E114D /* Views */ = {
			isa = PBXGroup;
			children = (
				7A58A1451CAE1CD3008E114D /* LZDemoThree.storyboard */,
				7A58A1461CAE1CD3008E114D /* LZThreeSelectViewController.xib */,
			);
			path = Views;
			sourceTree = "<group>";
		};
		7A58A1471CAE1CD3008E114D /* Two */ = {
			isa = PBXGroup;
			children = (
				7A58A1481CAE1CD3008E114D /* Controllers */,
				7A58A1511CAE1CD3008E114D /* Models */,
				7A58A1571CAE1CD3008E114D /* Views */,
			);
			path = Two;
			sourceTree = "<group>";
		};
		7A58A1481CAE1CD3008E114D /* Controllers */ = {
			isa = PBXGroup;
			children = (
				7A58A1491CAE1CD3008E114D /* LZDemoTwoTableViewController.h */,
				7A58A14A1CAE1CD3008E114D /* LZDemoTwoTableViewController.m */,
				7A58A14B1CAE1CD3008E114D /* LZSDAutoLayoutTableViewController.h */,
				7A58A14C1CAE1CD3008E114D /* LZSDAutoLayoutTableViewController.m */,
				7A58A14F1CAE1CD3008E114D /* LZTwoPersonViewController.h */,
				7A58A1501CAE1CD3008E114D /* LZTwoPersonViewController.m */,
				7A58A14D1CAE1CD3008E114D /* LZThreeKVCTableViewController.h */,
				7A58A14E1CAE1CD3008E114D /* LZThreeKVCTableViewController.m */,
				7A136CDB1CAE70FD0032C096 /* LZFourKVOViewController.h */,
				7A136CDC1CAE70FE0032C096 /* LZFourKVOViewController.m */,
			);
			path = Controllers;
			sourceTree = "<group>";
		};
		7A58A1511CAE1CD3008E114D /* Models */ = {
			isa = PBXGroup;
			children = (
				7A58A1531CAE1CD3008E114D /* LZTwoPerson.h */,
				7A58A1541CAE1CD3008E114D /* LZTwoPerson.m */,
				7A58A1551CAE1CD3008E114D /* LZTwoPersonViewModel.h */,
				7A58A1561CAE1CD3008E114D /* LZTwoPersonViewModel.m */,
				7A58A1521CAE1CD3008E114D /* FileThree.plist */,
				7A58A1711CAE1E21008E114D /* LZThreeModel.h */,
				7A58A1721CAE1E21008E114D /* LZThreeModel.m */,
			);
			path = Models;
			sourceTree = "<group>";
		};
		7A58A1571CAE1CD3008E114D /* Views */ = {
			isa = PBXGroup;
			children = (
				7A58A1581CAE1CD3008E114D /* LZSDAutoLayoutTableViewCell.h */,
				7A58A1591CAE1CD3008E114D /* LZSDAutoLayoutTableViewCell.m */,
				7A58A1741CAE1FC0008E114D /* LZThreeTableViewCell.h */,
				7A58A1751CAE1FC0008E114D /* LZThreeTableViewCell.m */,
				7A58A1761CAE1FC0008E114D /* LZThreeTableViewCell.xib */,
				7A136CDD1CAE70FE0032C096 /* LZFourKVOViewController.xib */,
			);
			path = Views;
			sourceTree = "<group>";
		};
		7A5DEBE51CA610850059A534 = {
			isa = PBXGroup;
			children = (
				7A5DEBF01CA610850059A534 /* SomeDemo */,
				7A5DEBEF1CA610850059A534 /* Products */,
				573A207EA1454D6CF8BB96BD /* Pods */,
				7077F1AB50EB0037A9323EEA /* Frameworks */,
			);
			sourceTree = "<group>";
		};
		7A5DEBEF1CA610850059A534 /* Products */ = {
			isa = PBXGroup;
			children = (
				7A5DEBEE1CA610850059A534 /* SomeDemo.app */,
			);
			name = Products;
			sourceTree = "<group>";
		};
		7A5DEBF01CA610850059A534 /* SomeDemo */ = {
			isa = PBXGroup;
			children = (
				7A58A1231CAE1CD3008E114D /* Classes */,
				7A5DEBF41CA610850059A534 /* AppDelegate.h */,
				7A5DEBF51CA610850059A534 /* AppDelegate.m */,
				7A5DEBF71CA610850059A534 /* Assets.xcassets */,
				7A5DEBF91CA610850059A534 /* LaunchScreen.storyboard */,
				7A5DEBFC1CA610850059A534 /* Info.plist */,
				7A5DEBF11CA610850059A534 /* Supporting Files */,
			);
			path = SomeDemo;
			sourceTree = "<group>";
		};
		7A5DEBF11CA610850059A534 /* Supporting Files */ = {
			isa = PBXGroup;
			children = (
				7A5DEBF21CA610850059A534 /* main.m */,
			);
			name = "Supporting Files";
			sourceTree = "<group>";
		};
/* End PBXGroup section */

/* Begin PBXNativeTarget section */
		7A5DEBED1CA610850059A534 /* SomeDemo */ = {
			isa = PBXNativeTarget;
			buildConfigurationList = 7A5DEBFF1CA610850059A534 /* Build configuration list for PBXNativeTarget "SomeDemo" */;
			buildPhases = (
				25C4F2F3A44D5136D8C459B9 /* Check Pods Manifest.lock */,
				7A5DEBEA1CA610850059A534 /* Sources */,
				7A5DEBEB1CA610850059A534 /* Frameworks */,
				7A5DEBEC1CA610850059A534 /* Resources */,
				B1236706E4F350F275B1421E /* Embed Pods Frameworks */,
				EA37694E608B2F97EF65BB42 /* Copy Pods Resources */,
			);
			buildRules = (
			);
			dependencies = (
			);
			name = SomeDemo;
			productName = SomeDemo;
			productReference = 7A5DEBEE1CA610850059A534 /* SomeDemo.app */;
			productType = "com.apple.product-type.application";
		};
/* End PBXNativeTarget section */

/* Begin PBXProject section */
		7A5DEBE61CA610850059A534 /* Project object */ = {
			isa = PBXProject;
			attributes = {
				CLASSPREFIX = LZ;
				LastUpgradeCheck = 0720;
				ORGANIZATIONNAME = "李志鹏";
				TargetAttributes = {
					7A5DEBED1CA610850059A534 = {
						CreatedOnToolsVersion = 7.2.1;
						DevelopmentTeam = JJL237F75C;
					};
				};
			};
			buildConfigurationList = 7A5DEBE91CA610850059A534 /* Build configuration list for PBXProject "SomeDemo" */;
			compatibilityVersion = "Xcode 3.2";
			developmentRegion = English;
			hasScannedForEncodings = 0;
			knownRegions = (
				en,
				Base,
			);
			mainGroup = 7A5DEBE51CA610850059A534;
			productRefGroup = 7A5DEBEF1CA610850059A534 /* Products */;
			projectDirPath = "";
			projectRoot = "";
			targets = (
				7A5DEBED1CA610850059A534 /* SomeDemo */,
			);
		};
/* End PBXProject section */

/* Begin PBXResourcesBuildPhase section */
		7A5DEBEC1CA610850059A534 /* Resources */ = {
			isa = PBXResourcesBuildPhase;
			buildActionMask = 2147483647;
			files = (
				7A5DEBF81CA610850059A534 /* Assets.xcassets in Resources */,
				7A58A16D1CAE1CD3008E114D /* FileThree.plist in Resources */,
				7A58A1641CAE1CD3008E114D /* 兰亭黑_GBK.TTF in Resources */,
				7A58A1671CAE1CD3008E114D /* LZDemoThree.storyboard in Resources */,
				7A58A1601CAE1CD3008E114D /* LZDemoOne.storyboard in Resources */,
				7A58A1621CAE1CD3008E114D /* LZuserDetailViewController.xib in Resources */,
				7A58A1681CAE1CD3008E114D /* LZThreeSelectViewController.xib in Resources */,
				7A136CDF1CAE70FE0032C096 /* LZFourKVOViewController.xib in Resources */,
				7A58A1781CAE1FC0008E114D /* LZThreeTableViewCell.xib in Resources */,
				7A5DEBFB1CA610850059A534 /* LaunchScreen.storyboard in Resources */,
			);
			runOnlyForDeploymentPostprocessing = 0;
		};
/* End PBXResourcesBuildPhase section */

/* Begin PBXShellScriptBuildPhase section */
		25C4F2F3A44D5136D8C459B9 /* Check Pods Manifest.lock */ = {
			isa = PBXShellScriptBuildPhase;
			buildActionMask = 2147483647;
			files = (
			);
			inputPaths = (
			);
			name = "Check Pods Manifest.lock";
			outputPaths = (
			);
			runOnlyForDeploymentPostprocessing = 0;
			shellPath = /bin/sh;
			shellScript = "diff \"${PODS_ROOT}/../Podfile.lock\" \"${PODS_ROOT}/Manifest.lock\" > /dev/null\nif [[ $? != 0 ]] ; then\n    cat << EOM\nerror: The sandbox is not in sync with the Podfile.lock. Run 'pod install' or update your CocoaPods installation.\nEOM\n    exit 1\nfi\n";
			showEnvVarsInLog = 0;
		};
		B1236706E4F350F275B1421E /* Embed Pods Frameworks */ = {
			isa = PBXShellScriptBuildPhase;
			buildActionMask = 2147483647;
			files = (
			);
			inputPaths = (
			);
			name = "Embed Pods Frameworks";
			outputPaths = (
			);
			runOnlyForDeploymentPostprocessing = 0;
			shellPath = /bin/sh;
			shellScript = "\"${SRCROOT}/Pods/Target Support Files/Pods/Pods-frameworks.sh\"\n";
			showEnvVarsInLog = 0;
		};
		EA37694E608B2F97EF65BB42 /* Copy Pods Resources */ = {
			isa = PBXShellScriptBuildPhase;
			buildActionMask = 2147483647;
			files = (
			);
			inputPaths = (
			);
			name = "Copy Pods Resources";
			outputPaths = (
			);
			runOnlyForDeploymentPostprocessing = 0;
			shellPath = /bin/sh;
			shellScript = "\"${SRCROOT}/Pods/Target Support Files/Pods/Pods-resources.sh\"\n";
			showEnvVarsInLog = 0;
		};
/* End PBXShellScriptBuildPhase section */

/* Begin PBXSourcesBuildPhase section */
		7A5DEBEA1CA610850059A534 /* Sources */ = {
			isa = PBXSourcesBuildPhase;
			buildActionMask = 2147483647;
			files = (
				7A58A1651CAE1CD3008E114D /* LZDemoThreeViewController.m in Sources */,
				7A58A1631CAE1CD3008E114D /* LZTabBarViewController.m in Sources */,
				7A58A15A1CAE1CD3008E114D /* KCShakeViewController.m in Sources */,
				7A58A1611CAE1CD3008E114D /* LZPicScrollView.m in Sources */,
				7A5DEBF61CA610850059A534 /* AppDelegate.m in Sources */,
				7A58A1661CAE1CD3008E114D /* LZThreeSelectViewController.m in Sources */,
				7A58A15E1CAE1CD3008E114D /* LZuserDetailViewController.m in Sources */,
				7A5DEBF31CA610850059A534 /* main.m in Sources */,
				7A58A1771CAE1FC0008E114D /* LZThreeTableViewCell.m in Sources */,
				7A58A15F1CAE1CD3008E114D /* KCImageView.m in Sources */,
				7A58A16A1CAE1CD3008E114D /* LZSDAutoLayoutTableViewController.m in Sources */,
				7A58A1691CAE1CD3008E114D /* LZDemoTwoTableViewController.m in Sources */,
				7A58A16E1CAE1CD3008E114D /* LZTwoPerson.m in Sources */,
				7A136CDE1CAE70FE0032C096 /* LZFourKVOViewController.m in Sources */,
				7A58A15B1CAE1CD3008E114D /* LZ_showLiveViewController.m in Sources */,
				7A58A16C1CAE1CD3008E114D /* LZTwoPersonViewController.m in Sources */,
				7A58A16F1CAE1CD3008E114D /* LZTwoPersonViewModel.m in Sources */,
				7A58A1701CAE1CD3008E114D /* LZSDAutoLayoutTableViewCell.m in Sources */,
				7A58A1731CAE1E21008E114D /* LZThreeModel.m in Sources */,
				7A58A15D1CAE1CD3008E114D /* LZOneLabelViewController.m in Sources */,
				7A58A15C1CAE1CD3008E114D /* LZDemoOneViewController.m in Sources */,
				7A58A16B1CAE1CD3008E114D /* LZThreeKVCTableViewController.m in Sources */,
			);
			runOnlyForDeploymentPostprocessing = 0;
		};
/* End PBXSourcesBuildPhase section */

/* Begin PBXVariantGroup section */
		7A5DEBF91CA610850059A534 /* LaunchScreen.storyboard */ = {
			isa = PBXVariantGroup;
			children = (
				7A5DEBFA1CA610850059A534 /* Base */,
			);
			name = LaunchScreen.storyboard;
			sourceTree = "<group>";
		};
/* End PBXVariantGroup section */

/* Begin XCBuildConfiguration section */
		7A5DEBFD1CA610850059A534 /* Debug */ = {
			isa = XCBuildConfiguration;
			buildSettings = {
				ALWAYS_SEARCH_USER_PATHS = NO;
				CLANG_CXX_LANGUAGE_STANDARD = "gnu++0x";
				CLANG_CXX_LIBRARY = "libc++";
				CLANG_ENABLE_MODULES = YES;
				CLANG_ENABLE_OBJC_ARC = YES;
				CLANG_WARN_BOOL_CONVERSION = YES;
				CLANG_WARN_CONSTANT_CONVERSION = YES;
				CLANG_WARN_DIRECT_OBJC_ISA_USAGE = YES_ERROR;
				CLANG_WARN_EMPTY_BODY = YES;
				CLANG_WARN_ENUM_CONVERSION = YES;
				CLANG_WARN_INT_CONVERSION = YES;
				CLANG_WARN_OBJC_ROOT_CLASS = YES_ERROR;
				CLANG_WARN_UNREACHABLE_CODE = YES;
				CLANG_WARN__DUPLICATE_METHOD_MATCH = YES;
				"CODE_SIGN_IDENTITY[sdk=iphoneos*]" = "iPhone Developer";
				COPY_PHASE_STRIP = NO;
				DEBUG_INFORMATION_FORMAT = dwarf;
				ENABLE_STRICT_OBJC_MSGSEND = YES;
				ENABLE_TESTABILITY = YES;
				GCC_C_LANGUAGE_STANDARD = gnu99;
				GCC_DYNAMIC_NO_PIC = NO;
				GCC_NO_COMMON_BLOCKS = YES;
				GCC_OPTIMIZATION_LEVEL = 0;
				GCC_PREPROCESSOR_DEFINITIONS = (
					"DEBUG=1",
					"$(inherited)",
				);
				GCC_WARN_64_TO_32_BIT_CONVERSION = YES;
				GCC_WARN_ABOUT_RETURN_TYPE = YES_ERROR;
				GCC_WARN_UNDECLARED_SELECTOR = YES;
				GCC_WARN_UNINITIALIZED_AUTOS = YES_AGGRESSIVE;
				GCC_WARN_UNUSED_FUNCTION = YES;
				GCC_WARN_UNUSED_VARIABLE = YES;
				IPHONEOS_DEPLOYMENT_TARGET = 9.2;
				MTL_ENABLE_DEBUG_INFO = YES;
				ONLY_ACTIVE_ARCH = YES;
				SDKROOT = iphoneos;
			};
			name = Debug;
		};
		7A5DEBFE1CA610850059A534 /* Release */ = {
			isa = XCBuildConfiguration;
			buildSettings = {
				ALWAYS_SEARCH_USER_PATHS = NO;
				CLANG_CXX_LANGUAGE_STANDARD = "gnu++0x";
				CLANG_CXX_LIBRARY = "libc++";
				CLANG_ENABLE_MODULES = YES;
				CLANG_ENABLE_OBJC_ARC = YES;
				CLANG_WARN_BOOL_CONVERSION = YES;
				CLANG_WARN_CONSTANT_CONVERSION = YES;
				CLANG_WARN_DIRECT_OBJC_ISA_USAGE = YES_ERROR;
				CLANG_WARN_EMPTY_BODY = YES;
				CLANG_WARN_ENUM_CONVERSION = YES;
				CLANG_WARN_INT_CONVERSION = YES;
				CLANG_WARN_OBJC_ROOT_CLASS = YES_ERROR;
				CLANG_WARN_UNREACHABLE_CODE = YES;
				CLANG_WARN__DUPLICATE_METHOD_MATCH = YES;
				"CODE_SIGN_IDENTITY[sdk=iphoneos*]" = "iPhone Developer";
				COPY_PHASE_STRIP = NO;
				DEBUG_INFORMATION_FORMAT = "dwarf-with-dsym";
				ENABLE_NS_ASSERTIONS = NO;
				ENABLE_STRICT_OBJC_MSGSEND = YES;
				GCC_C_LANGUAGE_STANDARD = gnu99;
				GCC_NO_COMMON_BLOCKS = YES;
				GCC_WARN_64_TO_32_BIT_CONVERSION = YES;
				GCC_WARN_ABOUT_RETURN_TYPE = YES_ERROR;
				GCC_WARN_UNDECLARED_SELECTOR = YES;
				GCC_WARN_UNINITIALIZED_AUTOS = YES_AGGRESSIVE;
				GCC_WARN_UNUSED_FUNCTION = YES;
				GCC_WARN_UNUSED_VARIABLE = YES;
				IPHONEOS_DEPLOYMENT_TARGET = 9.2;
				MTL_ENABLE_DEBUG_INFO = NO;
				SDKROOT = iphoneos;
				VALIDATE_PRODUCT = YES;
			};
			name = Release;
		};
		7A5DEC001CA610850059A534 /* Debug */ = {
			isa = XCBuildConfiguration;
			baseConfigurationReference = 922EC249E2DC8FE3B60387E5 /* Pods.debug.xcconfig */;
			buildSettings = {
				ASSETCATALOG_COMPILER_APPICON_NAME = AppIcon;
				CODE_SIGN_IDENTITY = "iPhone Developer";
				"CODE_SIGN_IDENTITY[sdk=iphoneos*]" = "iPhone Developer";
				GCC_PRECOMPILE_PREFIX_HEADER = YES;
				GCC_PREFIX_HEADER = "$(SRCROOT)/SomeDemo/Classes/Other/PrefixHeader.pch";
				INFOPLIST_FILE = SomeDemo/Info.plist;
				LD_RUNPATH_SEARCH_PATHS = "$(inherited) @executable_path/Frameworks";
				PRODUCT_BUNDLE_IDENTIFIER = com.demo.SomeDemo;
				PRODUCT_NAME = "$(TARGET_NAME)";
				PROVISIONING_PROFILE = "";
			};
			name = Debug;
		};
		7A5DEC011CA610850059A534 /* Release */ = {
			isa = XCBuildConfiguration;
			baseConfigurationReference = D93494B94F3A961B560CDC46 /* Pods.release.xcconfig */;
			buildSettings = {
				ASSETCATALOG_COMPILER_APPICON_NAME = AppIcon;
				CODE_SIGN_IDENTITY = "iPhone Developer";
				"CODE_SIGN_IDENTITY[sdk=iphoneos*]" = "iPhone Developer";
				GCC_PRECOMPILE_PREFIX_HEADER = YES;
				GCC_PREFIX_HEADER = "$(SRCROOT)/SomeDemo/Classes/Other/PrefixHeader.pch";
				INFOPLIST_FILE = SomeDemo/Info.plist;
				LD_RUNPATH_SEARCH_PATHS = "$(inherited) @executable_path/Frameworks";
				PRODUCT_BUNDLE_IDENTIFIER = com.demo.SomeDemo;
				PRODUCT_NAME = "$(TARGET_NAME)";
				PROVISIONING_PROFILE = "";
			};
			name = Release;
		};
/* End XCBuildConfiguration section */

/* Begin XCConfigurationList section */
		7A5DEBE91CA610850059A534 /* Build configuration list for PBXProject "SomeDemo" */ = {
			isa = XCConfigurationList;
			buildConfigurations = (
				7A5DEBFD1CA610850059A534 /* Debug */,
				7A5DEBFE1CA610850059A534 /* Release */,
			);
			defaultConfigurationIsVisible = 0;
			defaultConfigurationName = Release;
		};
		7A5DEBFF1CA610850059A534 /* Build configuration list for PBXNativeTarget "SomeDemo" */ = {
			isa = XCConfigurationList;
			buildConfigurations = (
				7A5DEC001CA610850059A534 /* Debug */,
				7A5DEC011CA610850059A534 /* Release */,
			);
			defaultConfigurationIsVisible = 0;
			defaultConfigurationName = Release;
		};
/* End XCConfigurationList section */
	};
	rootObject = 7A5DEBE61CA610850059A534 /* Project object */;
}
